
Microsoft Visual Studio Solution File, Format Version 12.00
# Visual Studio Version 17
VisualStudioVersion = 17.10.34928.147
MinimumVisualStudioVersion = 10.0.40219.1
Project("{FAE04EC0-301F-11D3-BF4B-00C04F79EFBC}") = "Healthcare.Common", "Healthcare.Common.csproj", "{7F9B5CAD-076D-4FD3-83B3-BE14C12C2B88}"
EndProject
Global
	GlobalSection(SolutionConfigurationPlatforms) = preSolution
		Debug|Any CPU = Debug|Any CPU
		Release|Any CPU = Release|Any CPU
	EndGlobalSection
	GlobalSection(ProjectConfigurationPlatforms) = postSolution
		{7F9B5CAD-076D-4FD3-83B3-BE14C12C2B88}.Debug|Any CPU.ActiveCfg = Debug|Any CPU
		{7F9B5CAD-076D-4FD3-83B3-BE14C12C2B88}.Debug|Any CPU.Build.0 = Debug|Any CPU
		{7F9B5CAD-076D-4FD3-83B3-BE14C12C2B88}.Release|Any CPU.ActiveCfg = Release|Any CPU
		{7F9B5CAD-076D-4FD3-83B3-BE14C12C2B88}.Release|Any CPU.Build.0 = Release|Any CPU
	EndGlobalSection
	GlobalSection(SolutionProperties) = preSolution
		HideSolutionNode = FALSE
	EndGlobalSection
	GlobalSection(ExtensibilityGlobals) = postSolution
		SolutionGuid = {056129AA-973E-4764-8E80-FB0C0579A936}
	EndGlobalSection
EndGlobal
